// !$*UTF8*$!
{
	archiveVersion = 1;
	classes = {
	};
	objectVersion = 60;
	objects = {

/* Begin PBXBuildFile section */
		865AEADA2C8F02E800D7BAA6 /* Assets.xcassets in Resources */ = {isa = PBXBuildFile; fileRef = 865AEAD92C8F02E800D7BAA6 /* Assets.xcassets */; };
		865AEADD2C8F180800D7BAA6 /* NetworkImp in Frameworks */ = {isa = PBXBuildFile; productRef = 865AEADC2C8F180800D7BAA6 /* NetworkImp */; };
		865AEAE02C8F1C2E00D7BAA6 /* BikePointApiImp in Frameworks */ = {isa = PBXBuildFile; productRef = 865AEADF2C8F1C2E00D7BAA6 /* BikePointApiImp */; };
		865AEAE32C8F1FFD00D7BAA6 /* BikePointFeatureImp in Frameworks */ = {isa = PBXBuildFile; productRef = 865AEAE22C8F1FFD00D7BAA6 /* BikePointFeatureImp */; };
		865AEAE62C8F26EC00D7BAA6 /* LocationServiceImp in Frameworks */ = {isa = PBXBuildFile; productRef = 865AEAE52C8F26EC00D7BAA6 /* LocationServiceImp */; };
		866CF7AA2AA9F5540080D6EC /* BikePointApp.swift in Sources */ = {isa = PBXBuildFile; fileRef = 866CF7A92AA9F5540080D6EC /* BikePointApp.swift */; };
		866CF7B12AA9F5560080D6EC /* Preview Assets.xcassets in Resources */ = {isa = PBXBuildFile; fileRef = 866CF7B02AA9F5560080D6EC /* Preview Assets.xcassets */; };
		866CF7CA2AA9F5560080D6EC /* BikePointUITests.swift in Sources */ = {isa = PBXBuildFile; fileRef = 866CF7C92AA9F5560080D6EC /* BikePointUITests.swift */; };
		866CF7CC2AA9F5560080D6EC /* BikePointUITestsLaunchTests.swift in Sources */ = {isa = PBXBuildFile; fileRef = 866CF7CB2AA9F5560080D6EC /* BikePointUITestsLaunchTests.swift */; };
		866CF7F92AAB22A10080D6EC /* Coordinator.swift in Sources */ = {isa = PBXBuildFile; fileRef = 866CF7F82AAB22A10080D6EC /* Coordinator.swift */; };
		8697268E2C8EFA3C00AAFA53 /* Common in Frameworks */ = {isa = PBXBuildFile; productRef = 8697268D2C8EFA3C00AAFA53 /* Common */; };
		869726902C8EFA4800AAFA53 /* SwiftUIViewLayerImp in Frameworks */ = {isa = PBXBuildFile; productRef = 8697268F2C8EFA4800AAFA53 /* SwiftUIViewLayerImp */; };
		86D672B82C8EF2A000E5C1E7 /* ViewLayerInterface in Frameworks */ = {isa = PBXBuildFile; productRef = 86D672B72C8EF2A000E5C1E7 /* ViewLayerInterface */; };
/* End PBXBuildFile section */

/* Begin PBXContainerItemProxy section */
		866CF7BC2AA9F5560080D6EC /* PBXContainerItemProxy */ = {
			isa = PBXContainerItemProxy;
			containerPortal = 866CF79E2AA9F5540080D6EC /* Project object */;
			proxyType = 1;
			remoteGlobalIDString = 866CF7A52AA9F5540080D6EC;
			remoteInfo = BikePoint;
		};
		866CF7C62AA9F5560080D6EC /* PBXContainerItemProxy */ = {
			isa = PBXContainerItemProxy;
			containerPortal = 866CF79E2AA9F5540080D6EC /* Project object */;
			proxyType = 1;
			remoteGlobalIDString = 866CF7A52AA9F5540080D6EC;
			remoteInfo = BikePoint;
		};
/* End PBXContainerItemProxy section */

/* Begin PBXFileReference section */
		8631D6142AB06C44005A6467 /* README.md */ = {isa = PBXFileReference; lastKnownFileType = net.daringfireball.markdown; path = README.md; sourceTree = "<group>"; };
		865AEAD92C8F02E800D7BAA6 /* Assets.xcassets */ = {isa = PBXFileReference; lastKnownFileType = folder.assetcatalog; path = Assets.xcassets; sourceTree = "<group>"; };
		866CF7A62AA9F5540080D6EC /* BikePoint.app */ = {isa = PBXFileReference; explicitFileType = wrapper.application; includeInIndex = 0; path = BikePoint.app; sourceTree = BUILT_PRODUCTS_DIR; };
		866CF7A92AA9F5540080D6EC /* BikePointApp.swift */ = {isa = PBXFileReference; lastKnownFileType = sourcecode.swift; path = BikePointApp.swift; sourceTree = "<group>"; };
		866CF7B02AA9F5560080D6EC /* Preview Assets.xcassets */ = {isa = PBXFileReference; lastKnownFileType = folder.assetcatalog; path = "Preview Assets.xcassets"; sourceTree = "<group>"; };
		866CF7BB2AA9F5560080D6EC /* BikePointTests.xctest */ = {isa = PBXFileReference; explicitFileType = wrapper.cfbundle; includeInIndex = 0; path = BikePointTests.xctest; sourceTree = BUILT_PRODUCTS_DIR; };
		866CF7C52AA9F5560080D6EC /* BikePointUITests.xctest */ = {isa = PBXFileReference; explicitFileType = wrapper.cfbundle; includeInIndex = 0; path = BikePointUITests.xctest; sourceTree = BUILT_PRODUCTS_DIR; };
		866CF7C92AA9F5560080D6EC /* BikePointUITests.swift */ = {isa = PBXFileReference; lastKnownFileType = sourcecode.swift; path = BikePointUITests.swift; sourceTree = "<group>"; };
		866CF7CB2AA9F5560080D6EC /* BikePointUITestsLaunchTests.swift */ = {isa = PBXFileReference; lastKnownFileType = sourcecode.swift; path = BikePointUITestsLaunchTests.swift; sourceTree = "<group>"; };
		866CF7F82AAB22A10080D6EC /* Coordinator.swift */ = {isa = PBXFileReference; lastKnownFileType = sourcecode.swift; path = Coordinator.swift; sourceTree = "<group>"; };
		86A048482C8F2F17006E359D /* BikePoint.xctestplan */ = {isa = PBXFileReference; lastKnownFileType = text; path = BikePoint.xctestplan; sourceTree = "<group>"; };
/* End PBXFileReference section */

/* Begin PBXFrameworksBuildPhase section */
		866CF7A32AA9F5540080D6EC /* Frameworks */ = {
			isa = PBXFrameworksBuildPhase;
			buildActionMask = 2147483647;
			files = (
				865AEAE32C8F1FFD00D7BAA6 /* BikePointFeatureImp in Frameworks */,
				86D672B82C8EF2A000E5C1E7 /* ViewLayerInterface in Frameworks */,
				8697268E2C8EFA3C00AAFA53 /* Common in Frameworks */,
				865AEAE02C8F1C2E00D7BAA6 /* BikePointApiImp in Frameworks */,
				865AEADD2C8F180800D7BAA6 /* NetworkImp in Frameworks */,
				865AEAE62C8F26EC00D7BAA6 /* LocationServiceImp in Frameworks */,
				869726902C8EFA4800AAFA53 /* SwiftUIViewLayerImp in Frameworks */,
			);
			runOnlyForDeploymentPostprocessing = 0;
		};
		866CF7B82AA9F5560080D6EC /* Frameworks */ = {
			isa = PBXFrameworksBuildPhase;
			buildActionMask = 2147483647;
			files = (
			);
			runOnlyForDeploymentPostprocessing = 0;
		};
		866CF7C22AA9F5560080D6EC /* Frameworks */ = {
			isa = PBXFrameworksBuildPhase;
			buildActionMask = 2147483647;
			files = (
			);
			runOnlyForDeploymentPostprocessing = 0;
		};
/* End PBXFrameworksBuildPhase section */

/* Begin PBXGroup section */
		866CF79D2AA9F5540080D6EC = {
			isa = PBXGroup;
			children = (
				86A048482C8F2F17006E359D /* BikePoint.xctestplan */,
				8631D6142AB06C44005A6467 /* README.md */,
				866CF7A82AA9F5540080D6EC /* BikePoint */,
				866CF7C82AA9F5560080D6EC /* BikePointUITests */,
				866CF7A72AA9F5540080D6EC /* Products */,
				8697268C2C8EFA3C00AAFA53 /* Frameworks */,
			);
			sourceTree = "<group>";
		};
		866CF7A72AA9F5540080D6EC /* Products */ = {
			isa = PBXGroup;
			children = (
				866CF7A62AA9F5540080D6EC /* BikePoint.app */,
				866CF7BB2AA9F5560080D6EC /* BikePointTests.xctest */,
				866CF7C52AA9F5560080D6EC /* BikePointUITests.xctest */,
			);
			name = Products;
			sourceTree = "<group>";
		};
		866CF7A82AA9F5540080D6EC /* BikePoint */ = {
			isa = PBXGroup;
			children = (
				866CF7DA2AA9F5740080D6EC /* Resources */,
				866CF7D92AA9F56E0080D6EC /* Support */,
			);
			path = BikePoint;
			sourceTree = "<group>";
		};
		866CF7AF2AA9F5560080D6EC /* Preview Content */ = {
			isa = PBXGroup;
			children = (
				866CF7B02AA9F5560080D6EC /* Preview Assets.xcassets */,
			);
			path = "Preview Content";
			sourceTree = "<group>";
		};
		866CF7C82AA9F5560080D6EC /* BikePointUITests */ = {
			isa = PBXGroup;
			children = (
				866CF7C92AA9F5560080D6EC /* BikePointUITests.swift */,
				866CF7CB2AA9F5560080D6EC /* BikePointUITestsLaunchTests.swift */,
			);
			path = BikePointUITests;
			sourceTree = "<group>";
		};
		866CF7D92AA9F56E0080D6EC /* Support */ = {
			isa = PBXGroup;
			children = (
				866CF7A92AA9F5540080D6EC /* BikePointApp.swift */,
				866CF7F82AAB22A10080D6EC /* Coordinator.swift */,
			);
			path = Support;
			sourceTree = "<group>";
		};
		866CF7DA2AA9F5740080D6EC /* Resources */ = {
			isa = PBXGroup;
			children = (
				865AEAD92C8F02E800D7BAA6 /* Assets.xcassets */,
				866CF7AF2AA9F5560080D6EC /* Preview Content */,
			);
			path = Resources;
			sourceTree = "<group>";
		};
		8697268C2C8EFA3C00AAFA53 /* Frameworks */ = {
			isa = PBXGroup;
			children = (
			);
			name = Frameworks;
			sourceTree = "<group>";
		};
/* End PBXGroup section */

/* Begin PBXNativeTarget section */
		866CF7A52AA9F5540080D6EC /* BikePoint */ = {
			isa = PBXNativeTarget;
			buildConfigurationList = 866CF7CF2AA9F5560080D6EC /* Build configuration list for PBXNativeTarget "BikePoint" */;
			buildPhases = (
				866CF7A22AA9F5540080D6EC /* Sources */,
				866CF7A32AA9F5540080D6EC /* Frameworks */,
				866CF7A42AA9F5540080D6EC /* Resources */,
			);
			buildRules = (
			);
			dependencies = (
			);
			name = BikePoint;
			packageProductDependencies = (
				86D672B72C8EF2A000E5C1E7 /* ViewLayerInterface */,
				8697268D2C8EFA3C00AAFA53 /* Common */,
				8697268F2C8EFA4800AAFA53 /* SwiftUIViewLayerImp */,
				865AEADC2C8F180800D7BAA6 /* NetworkImp */,
				865AEADF2C8F1C2E00D7BAA6 /* BikePointApiImp */,
				865AEAE22C8F1FFD00D7BAA6 /* BikePointFeatureImp */,
				865AEAE52C8F26EC00D7BAA6 /* LocationServiceImp */,
			);
			productName = BikePoint;
			productReference = 866CF7A62AA9F5540080D6EC /* BikePoint.app */;
			productType = "com.apple.product-type.application";
		};
		866CF7BA2AA9F5560080D6EC /* BikePointTests */ = {
			isa = PBXNativeTarget;
			buildConfigurationList = 866CF7D22AA9F5560080D6EC /* Build configuration list for PBXNativeTarget "BikePointTests" */;
			buildPhases = (
				866CF7B72AA9F5560080D6EC /* Sources */,
				866CF7B82AA9F5560080D6EC /* Frameworks */,
				866CF7B92AA9F5560080D6EC /* Resources */,
			);
			buildRules = (
			);
			dependencies = (
				866CF7BD2AA9F5560080D6EC /* PBXTargetDependency */,
			);
			name = BikePointTests;
			productName = BikePointTests;
			productReference = 866CF7BB2AA9F5560080D6EC /* BikePointTests.xctest */;
			productType = "com.apple.product-type.bundle.unit-test";
		};
		866CF7C42AA9F5560080D6EC /* BikePointUITests */ = {
			isa = PBXNativeTarget;
			buildConfigurationList = 866CF7D52AA9F5560080D6EC /* Build configuration list for PBXNativeTarget "BikePointUITests" */;
			buildPhases = (
				866CF7C12AA9F5560080D6EC /* Sources */,
				866CF7C22AA9F5560080D6EC /* Frameworks */,
				866CF7C32AA9F5560080D6EC /* Resources */,
			);
			buildRules = (
			);
			dependencies = (
				866CF7C72AA9F5560080D6EC /* PBXTargetDependency */,
			);
			name = BikePointUITests;
			productName = BikePointUITests;
			productReference = 866CF7C52AA9F5560080D6EC /* BikePointUITests.xctest */;
			productType = "com.apple.product-type.bundle.ui-testing";
		};
/* End PBXNativeTarget section */

/* Begin PBXProject section */
		866CF79E2AA9F5540080D6EC /* Project object */ = {
			isa = PBXProject;
			attributes = {
				BuildIndependentTargetsInParallel = 1;
				LastSwiftUpdateCheck = 1430;
				LastUpgradeCheck = 1500;
				TargetAttributes = {
					866CF7A52AA9F5540080D6EC = {
						CreatedOnToolsVersion = 14.3.1;
					};
					866CF7BA2AA9F5560080D6EC = {
						CreatedOnToolsVersion = 14.3.1;
						TestTargetID = 866CF7A52AA9F5540080D6EC;
					};
					866CF7C42AA9F5560080D6EC = {
						CreatedOnToolsVersion = 14.3.1;
						TestTargetID = 866CF7A52AA9F5540080D6EC;
					};
				};
			};
			buildConfigurationList = 866CF7A12AA9F5540080D6EC /* Build configuration list for PBXProject "BikePoint" */;
			compatibilityVersion = "Xcode 14.0";
			developmentRegion = en;
			hasScannedForEncodings = 0;
			knownRegions = (
				en,
				Base,
			);
			mainGroup = 866CF79D2AA9F5540080D6EC;
			packageReferences = (
				86D672B62C8EF2A000E5C1E7 /* XCLocalSwiftPackageReference "ViewLayerInterface" */,
				863F427C2C8EF40A00B202F5 /* XCLocalSwiftPackageReference "SwiftUIViewLayerImp" */,
				86A3B58F2C8EF9FF0063BD7B /* XCLocalSwiftPackageReference "Common" */,
				865AEADB2C8F180800D7BAA6 /* XCLocalSwiftPackageReference "NetworkImp" */,
				865AEADE2C8F1C2E00D7BAA6 /* XCLocalSwiftPackageReference "BikePointApiImp" */,
				865AEAE12C8F1FFD00D7BAA6 /* XCLocalSwiftPackageReference "BikePointFeatureImp" */,
				865AEAE42C8F26EC00D7BAA6 /* XCLocalSwiftPackageReference "LocationServiceImp" */,
			);
			productRefGroup = 866CF7A72AA9F5540080D6EC /* Products */;
			projectDirPath = "";
			projectRoot = "";
			targets = (
				866CF7A52AA9F5540080D6EC /* BikePoint */,
				866CF7BA2AA9F5560080D6EC /* BikePointTests */,
				866CF7C42AA9F5560080D6EC /* BikePointUITests */,
			);
		};
/* End PBXProject section */

/* Begin PBXResourcesBuildPhase section */
		866CF7A42AA9F5540080D6EC /* Resources */ = {
			isa = PBXResourcesBuildPhase;
			buildActionMask = 2147483647;
			files = (
				865AEADA2C8F02E800D7BAA6 /* Assets.xcassets in Resources */,
				866CF7B12AA9F5560080D6EC /* Preview Assets.xcassets in Resources */,
			);
			runOnlyForDeploymentPostprocessing = 0;
		};
		866CF7B92AA9F5560080D6EC /* Resources */ = {
			isa = PBXResourcesBuildPhase;
			buildActionMask = 2147483647;
			files = (
			);
			runOnlyForDeploymentPostprocessing = 0;
		};
		866CF7C32AA9F5560080D6EC /* Resources */ = {
			isa = PBXResourcesBuildPhase;
			buildActionMask = 2147483647;
			files = (
			);
			runOnlyForDeploymentPostprocessing = 0;
		};
/* End PBXResourcesBuildPhase section */

/* Begin PBXSourcesBuildPhase section */
		866CF7A22AA9F5540080D6EC /* Sources */ = {
			isa = PBXSourcesBuildPhase;
			buildActionMask = 2147483647;
			files = (
				866CF7F92AAB22A10080D6EC /* Coordinator.swift in Sources */,
				866CF7AA2AA9F5540080D6EC /* BikePointApp.swift in Sources */,
			);
			runOnlyForDeploymentPostprocessing = 0;
		};
		866CF7B72AA9F5560080D6EC /* Sources */ = {
			isa = PBXSourcesBuildPhase;
			buildActionMask = 2147483647;
			files = (
			);
			runOnlyForDeploymentPostprocessing = 0;
		};
		866CF7C12AA9F5560080D6EC /* Sources */ = {
			isa = PBXSourcesBuildPhase;
			buildActionMask = 2147483647;
			files = (
				866CF7CC2AA9F5560080D6EC /* BikePointUITestsLaunchTests.swift in Sources */,
				866CF7CA2AA9F5560080D6EC /* BikePointUITests.swift in Sources */,
			);
			runOnlyForDeploymentPostprocessing = 0;
		};
/* End PBXSourcesBuildPhase section */

/* Begin PBXTargetDependency section */
		866CF7BD2AA9F5560080D6EC /* PBXTargetDependency */ = {
			isa = PBXTargetDependency;
			target = 866CF7A52AA9F5540080D6EC /* BikePoint */;
			targetProxy = 866CF7BC2AA9F5560080D6EC /* PBXContainerItemProxy */;
		};
		866CF7C72AA9F5560080D6EC /* PBXTargetDependency */ = {
			isa = PBXTargetDependency;
			target = 866CF7A52AA9F5540080D6EC /* BikePoint */;
			targetProxy = 866CF7C62AA9F5560080D6EC /* PBXContainerItemProxy */;
		};
/* End PBXTargetDependency section */

/* Begin XCBuildConfiguration section */
		866CF7CD2AA9F5560080D6EC /* Debug */ = {
			isa = XCBuildConfiguration;
			buildSettings = {
				ALWAYS_SEARCH_USER_PATHS = NO;
				ASSETCATALOG_COMPILER_GENERATE_SWIFT_ASSET_SYMBOL_EXTENSIONS = YES;
				CLANG_ANALYZER_NONNULL = YES;
				CLANG_ANALYZER_NUMBER_OBJECT_CONVERSION = YES_AGGRESSIVE;
				CLANG_CXX_LANGUAGE_STANDARD = "gnu++20";
				CLANG_ENABLE_MODULES = YES;
				CLANG_ENABLE_OBJC_ARC = YES;
				CLANG_ENABLE_OBJC_WEAK = YES;
				CLANG_WARN_BLOCK_CAPTURE_AUTORELEASING = YES;
				CLANG_WARN_BOOL_CONVERSION = YES;
				CLANG_WARN_COMMA = YES;
				CLANG_WARN_CONSTANT_CONVERSION = YES;
				CLANG_WARN_DEPRECATED_OBJC_IMPLEMENTATIONS = YES;
				CLANG_WARN_DIRECT_OBJC_ISA_USAGE = YES_ERROR;
				CLANG_WARN_DOCUMENTATION_COMMENTS = YES;
				CLANG_WARN_EMPTY_BODY = YES;
				CLANG_WARN_ENUM_CONVERSION = YES;
				CLANG_WARN_INFINITE_RECURSION = YES;
				CLANG_WARN_INT_CONVERSION = YES;
				CLANG_WARN_NON_LITERAL_NULL_CONVERSION = YES;
				CLANG_WARN_OBJC_IMPLICIT_RETAIN_SELF = YES;
				CLANG_WARN_OBJC_LITERAL_CONVERSION = YES;
				CLANG_WARN_OBJC_ROOT_CLASS = YES_ERROR;
				CLANG_WARN_QUOTED_INCLUDE_IN_FRAMEWORK_HEADER = YES;
				CLANG_WARN_RANGE_LOOP_ANALYSIS = YES;
				CLANG_WARN_STRICT_PROTOTYPES = YES;
				CLANG_WARN_SUSPICIOUS_MOVE = YES;
				CLANG_WARN_UNGUARDED_AVAILABILITY = YES_AGGRESSIVE;
				CLANG_WARN_UNREACHABLE_CODE = YES;
				CLANG_WARN__DUPLICATE_METHOD_MATCH = YES;
				COPY_PHASE_STRIP = NO;
				DEBUG_INFORMATION_FORMAT = dwarf;
				ENABLE_STRICT_OBJC_MSGSEND = YES;
				ENABLE_TESTABILITY = YES;
				ENABLE_USER_SCRIPT_SANDBOXING = YES;
				GCC_C_LANGUAGE_STANDARD = gnu11;
				GCC_DYNAMIC_NO_PIC = NO;
				GCC_NO_COMMON_BLOCKS = YES;
				GCC_OPTIMIZATION_LEVEL = 0;
				GCC_PREPROCESSOR_DEFINITIONS = (
					"DEBUG=1",
					"$(inherited)",
				);
				GCC_WARN_64_TO_32_BIT_CONVERSION = YES;
				GCC_WARN_ABOUT_RETURN_TYPE = YES_ERROR;
				GCC_WARN_UNDECLARED_SELECTOR = YES;
				GCC_WARN_UNINITIALIZED_AUTOS = YES_AGGRESSIVE;
				GCC_WARN_UNUSED_FUNCTION = YES;
				GCC_WARN_UNUSED_VARIABLE = YES;
				IPHONEOS_DEPLOYMENT_TARGET = 16.4;
				MTL_ENABLE_DEBUG_INFO = INCLUDE_SOURCE;
				MTL_FAST_MATH = YES;
				ONLY_ACTIVE_ARCH = YES;
				SDKROOT = iphoneos;
				SWIFT_ACTIVE_COMPILATION_CONDITIONS = DEBUG;
				SWIFT_OPTIMIZATION_LEVEL = "-Onone";
			};
			name = Debug;
		};
		866CF7CE2AA9F5560080D6EC /* Release */ = {
			isa = XCBuildConfiguration;
			buildSettings = {
				ALWAYS_SEARCH_USER_PATHS = NO;
				ASSETCATALOG_COMPILER_GENERATE_SWIFT_ASSET_SYMBOL_EXTENSIONS = YES;
				CLANG_ANALYZER_NONNULL = YES;
				CLANG_ANALYZER_NUMBER_OBJECT_CONVERSION = YES_AGGRESSIVE;
				CLANG_CXX_LANGUAGE_STANDARD = "gnu++20";
				CLANG_ENABLE_MODULES = YES;
				CLANG_ENABLE_OBJC_ARC = YES;
				CLANG_ENABLE_OBJC_WEAK = YES;
				CLANG_WARN_BLOCK_CAPTURE_AUTORELEASING = YES;
				CLANG_WARN_BOOL_CONVERSION = YES;
				CLANG_WARN_COMMA = YES;
				CLANG_WARN_CONSTANT_CONVERSION = YES;
				CLANG_WARN_DEPRECATED_OBJC_IMPLEMENTATIONS = YES;
				CLANG_WARN_DIRECT_OBJC_ISA_USAGE = YES_ERROR;
				CLANG_WARN_DOCUMENTATION_COMMENTS = YES;
				CLANG_WARN_EMPTY_BODY = YES;
				CLANG_WARN_ENUM_CONVERSION = YES;
				CLANG_WARN_INFINITE_RECURSION = YES;
				CLANG_WARN_INT_CONVERSION = YES;
				CLANG_WARN_NON_LITERAL_NULL_CONVERSION = YES;
				CLANG_WARN_OBJC_IMPLICIT_RETAIN_SELF = YES;
				CLANG_WARN_OBJC_LITERAL_CONVERSION = YES;
				CLANG_WARN_OBJC_ROOT_CLASS = YES_ERROR;
				CLANG_WARN_QUOTED_INCLUDE_IN_FRAMEWORK_HEADER = YES;
				CLANG_WARN_RANGE_LOOP_ANALYSIS = YES;
				CLANG_WARN_STRICT_PROTOTYPES = YES;
				CLANG_WARN_SUSPICIOUS_MOVE = YES;
				CLANG_WARN_UNGUARDED_AVAILABILITY = YES_AGGRESSIVE;
				CLANG_WARN_UNREACHABLE_CODE = YES;
				CLANG_WARN__DUPLICATE_METHOD_MATCH = YES;
				COPY_PHASE_STRIP = NO;
				DEBUG_INFORMATION_FORMAT = "dwarf-with-dsym";
				ENABLE_NS_ASSERTIONS = NO;
				ENABLE_STRICT_OBJC_MSGSEND = YES;
				ENABLE_USER_SCRIPT_SANDBOXING = YES;
				GCC_C_LANGUAGE_STANDARD = gnu11;
				GCC_NO_COMMON_BLOCKS = YES;
				GCC_WARN_64_TO_32_BIT_CONVERSION = YES;
				GCC_WARN_ABOUT_RETURN_TYPE = YES_ERROR;
				GCC_WARN_UNDECLARED_SELECTOR = YES;
				GCC_WARN_UNINITIALIZED_AUTOS = YES_AGGRESSIVE;
				GCC_WARN_UNUSED_FUNCTION = YES;
				GCC_WARN_UNUSED_VARIABLE = YES;
				IPHONEOS_DEPLOYMENT_TARGET = 16.4;
				MTL_ENABLE_DEBUG_INFO = NO;
				MTL_FAST_MATH = YES;
				SDKROOT = iphoneos;
				SWIFT_COMPILATION_MODE = wholemodule;
				SWIFT_OPTIMIZATION_LEVEL = "-O";
				VALIDATE_PRODUCT = YES;
			};
			name = Release;
		};
		866CF7D02AA9F5560080D6EC /* Debug */ = {
			isa = XCBuildConfiguration;
			buildSettings = {
				ASSETCATALOG_COMPILER_APPICON_NAME = AppIcon;
				ASSETCATALOG_COMPILER_GLOBAL_ACCENT_COLOR_NAME = AccentColor;
				CODE_SIGN_STYLE = Automatic;
				CURRENT_PROJECT_VERSION = 1;
				DEVELOPMENT_ASSET_PATHS = "\"BikePoint/Resources/Preview Content\"";
				DEVELOPMENT_TEAM = WCL42T797B;
				ENABLE_PREVIEWS = YES;
				GENERATE_INFOPLIST_FILE = YES;
				INFOPLIST_FILE = BikePoint/Info.plist;
				INFOPLIST_KEY_CFBundleDisplayName = "";
				INFOPLIST_KEY_LSApplicationCategoryType = NSLocationWhenInUseUsageDescription;
				INFOPLIST_KEY_NSLocationAlwaysAndWhenInUseUsageDescription = "Always and in usage";
				INFOPLIST_KEY_NSLocationAlwaysUsageDescription = "Always descriptio n";
				INFOPLIST_KEY_NSLocationWhenInUseUsageDescription = "When in usage description";
				INFOPLIST_KEY_UIApplicationSceneManifest_Generation = YES;
				INFOPLIST_KEY_UIApplicationSupportsIndirectInputEvents = YES;
				INFOPLIST_KEY_UILaunchScreen_Generation = YES;
				INFOPLIST_KEY_UISupportedInterfaceOrientations_iPad = "UIInterfaceOrientationPortrait UIInterfaceOrientationPortraitUpsideDown UIInterfaceOrientationLandscapeLeft UIInterfaceOrientationLandscapeRight";
				INFOPLIST_KEY_UISupportedInterfaceOrientations_iPhone = "UIInterfaceOrientationPortrait UIInterfaceOrientationLandscapeLeft UIInterfaceOrientationLandscapeRight";
				IPHONEOS_DEPLOYMENT_TARGET = 17.0;
				LD_RUNPATH_SEARCH_PATHS = (
					"$(inherited)",
					"@executable_path/Frameworks",
				);
				MARKETING_VERSION = 1.0;
				PRODUCT_BUNDLE_IDENTIFIER = mikev.BikePoint;
				PRODUCT_NAME = "$(TARGET_NAME)";
				SWIFT_EMIT_LOC_STRINGS = YES;
				SWIFT_VERSION = 5.0;
				TARGETED_DEVICE_FAMILY = "1,2";
			};
			name = Debug;
		};
		866CF7D12AA9F5560080D6EC /* Release */ = {
			isa = XCBuildConfiguration;
			buildSettings = {
				ASSETCATALOG_COMPILER_APPICON_NAME = AppIcon;
				ASSETCATALOG_COMPILER_GLOBAL_ACCENT_COLOR_NAME = AccentColor;
				CODE_SIGN_STYLE = Automatic;
				CURRENT_PROJECT_VERSION = 1;
				DEVELOPMENT_ASSET_PATHS = "\"BikePoint/Resources/Preview Content\"";
				DEVELOPMENT_TEAM = WCL42T797B;
				ENABLE_PREVIEWS = YES;
				GENERATE_INFOPLIST_FILE = YES;
				INFOPLIST_FILE = BikePoint/Info.plist;
				INFOPLIST_KEY_CFBundleDisplayName = "";
				INFOPLIST_KEY_LSApplicationCategoryType = NSLocationWhenInUseUsageDescription;
				INFOPLIST_KEY_NSLocationAlwaysAndWhenInUseUsageDescription = "Always and in usage";
				INFOPLIST_KEY_NSLocationAlwaysUsageDescription = "Always descriptio n";
				INFOPLIST_KEY_NSLocationWhenInUseUsageDescription = "When in usage description";
				INFOPLIST_KEY_UIApplicationSceneManifest_Generation = YES;
				INFOPLIST_KEY_UIApplicationSupportsIndirectInputEvents = YES;
				INFOPLIST_KEY_UILaunchScreen_Generation = YES;
				INFOPLIST_KEY_UISupportedInterfaceOrientations_iPad = "UIInterfaceOrientationPortrait UIInterfaceOrientationPortraitUpsideDown UIInterfaceOrientationLandscapeLeft UIInterfaceOrientationLandscapeRight";
				INFOPLIST_KEY_UISupportedInterfaceOrientations_iPhone = "UIInterfaceOrientationPortrait UIInterfaceOrientationLandscapeLeft UIInterfaceOrientationLandscapeRight";
				IPHONEOS_DEPLOYMENT_TARGET = 17.0;
				LD_RUNPATH_SEARCH_PATHS = (
					"$(inherited)",
					"@executable_path/Frameworks",
				);
				MARKETING_VERSION = 1.0;
				PRODUCT_BUNDLE_IDENTIFIER = mikev.BikePoint;
				PRODUCT_NAME = "$(TARGET_NAME)";
				SWIFT_EMIT_LOC_STRINGS = YES;
				SWIFT_VERSION = 5.0;
				TARGETED_DEVICE_FAMILY = "1,2";
			};
			name = Release;
		};
		866CF7D32AA9F5560080D6EC /* Debug */ = {
			isa = XCBuildConfiguration;
			buildSettings = {
				BUNDLE_LOADER = "$(TEST_HOST)";
				CODE_SIGN_STYLE = Automatic;
				CURRENT_PROJECT_VERSION = 1;
				DEVELOPMENT_TEAM = WCL42T797B;
				GENERATE_INFOPLIST_FILE = YES;
				IPHONEOS_DEPLOYMENT_TARGET = 17.0;
				MARKETING_VERSION = 1.0;
				PRODUCT_BUNDLE_IDENTIFIER = mikev.BikePointTests;
				PRODUCT_NAME = "$(TARGET_NAME)";
				SWIFT_EMIT_LOC_STRINGS = NO;
				SWIFT_VERSION = 5.0;
				TARGETED_DEVICE_FAMILY = "1,2";
				TEST_HOST = "$(BUILT_PRODUCTS_DIR)/BikePoint.app/$(BUNDLE_EXECUTABLE_FOLDER_PATH)/BikePoint";
			};
			name = Debug;
		};
		866CF7D42AA9F5560080D6EC /* Release */ = {
			isa = XCBuildConfiguration;
			buildSettings = {
				BUNDLE_LOADER = "$(TEST_HOST)";
				CODE_SIGN_STYLE = Automatic;
				CURRENT_PROJECT_VERSION = 1;
				DEVELOPMENT_TEAM = WCL42T797B;
				GENERATE_INFOPLIST_FILE = YES;
				IPHONEOS_DEPLOYMENT_TARGET = 17.0;
				MARKETING_VERSION = 1.0;
				PRODUCT_BUNDLE_IDENTIFIER = mikev.BikePointTests;
				PRODUCT_NAME = "$(TARGET_NAME)";
				SWIFT_EMIT_LOC_STRINGS = NO;
				SWIFT_VERSION = 5.0;
				TARGETED_DEVICE_FAMILY = "1,2";
				TEST_HOST = "$(BUILT_PRODUCTS_DIR)/BikePoint.app/$(BUNDLE_EXECUTABLE_FOLDER_PATH)/BikePoint";
			};
			name = Release;
		};
		866CF7D62AA9F5560080D6EC /* Debug */ = {
			isa = XCBuildConfiguration;
			buildSettings = {
				CODE_SIGN_STYLE = Automatic;
				CURRENT_PROJECT_VERSION = 1;
				DEVELOPMENT_TEAM = WCL42T797B;
				GENERATE_INFOPLIST_FILE = YES;
				IPHONEOS_DEPLOYMENT_TARGET = 17.0;
				MARKETING_VERSION = 1.0;
				PRODUCT_BUNDLE_IDENTIFIER = mikev.BikePointUITests;
				PRODUCT_NAME = "$(TARGET_NAME)";
				SWIFT_EMIT_LOC_STRINGS = NO;
				SWIFT_VERSION = 5.0;
				TARGETED_DEVICE_FAMILY = "1,2";
				TEST_TARGET_NAME = BikePoint;
			};
			name = Debug;
		};
		866CF7D72AA9F5560080D6EC /* Release */ = {
			isa = XCBuildConfiguration;
			buildSettings = {
				CODE_SIGN_STYLE = Automatic;
				CURRENT_PROJECT_VERSION = 1;
				DEVELOPMENT_TEAM = WCL42T797B;
				GENERATE_INFOPLIST_FILE = YES;
				IPHONEOS_DEPLOYMENT_TARGET = 17.0;
				MARKETING_VERSION = 1.0;
				PRODUCT_BUNDLE_IDENTIFIER = mikev.BikePointUITests;
				PRODUCT_NAME = "$(TARGET_NAME)";
				SWIFT_EMIT_LOC_STRINGS = NO;
				SWIFT_VERSION = 5.0;
				TARGETED_DEVICE_FAMILY = "1,2";
				TEST_TARGET_NAME = BikePoint;
			};
			name = Release;
		};
/* End XCBuildConfiguration section */

/* Begin XCConfigurationList section */
		866CF7A12AA9F5540080D6EC /* Build configuration list for PBXProject "BikePoint" */ = {
			isa = XCConfigurationList;
			buildConfigurations = (
				866CF7CD2AA9F5560080D6EC /* Debug */,
				866CF7CE2AA9F5560080D6EC /* Release */,
			);
			defaultConfigurationIsVisible = 0;
			defaultConfigurationName = Release;
		};
		866CF7CF2AA9F5560080D6EC /* Build configuration list for PBXNativeTarget "BikePoint" */ = {
			isa = XCConfigurationList;
			buildConfigurations = (
				866CF7D02AA9F5560080D6EC /* Debug */,
				866CF7D12AA9F5560080D6EC /* Release */,
			);
			defaultConfigurationIsVisible = 0;
			defaultConfigurationName = Release;
		};
		866CF7D22AA9F5560080D6EC /* Build configuration list for PBXNativeTarget "BikePointTests" */ = {
			isa = XCConfigurationList;
			buildConfigurations = (
				866CF7D32AA9F5560080D6EC /* Debug */,
				866CF7D42AA9F5560080D6EC /* Release */,
			);
			defaultConfigurationIsVisible = 0;
			defaultConfigurationName = Release;
		};
		866CF7D52AA9F5560080D6EC /* Build configuration list for PBXNativeTarget "BikePointUITests" */ = {
			isa = XCConfigurationList;
			buildConfigurations = (
				866CF7D62AA9F5560080D6EC /* Debug */,
				866CF7D72AA9F5560080D6EC /* Release */,
			);
			defaultConfigurationIsVisible = 0;
			defaultConfigurationName = Release;
		};
/* End XCConfigurationList section */

/* Begin XCLocalSwiftPackageReference section */
		863F427C2C8EF40A00B202F5 /* XCLocalSwiftPackageReference "SwiftUIViewLayerImp" */ = {
			isa = XCLocalSwiftPackageReference;
			relativePath = SwiftUIViewLayerImp;
		};
		865AEADB2C8F180800D7BAA6 /* XCLocalSwiftPackageReference "NetworkImp" */ = {
			isa = XCLocalSwiftPackageReference;
			relativePath = NetworkImp;
		};
		865AEADE2C8F1C2E00D7BAA6 /* XCLocalSwiftPackageReference "BikePointApiImp" */ = {
			isa = XCLocalSwiftPackageReference;
			relativePath = BikePointApiImp;
		};
		865AEAE12C8F1FFD00D7BAA6 /* XCLocalSwiftPackageReference "BikePointFeatureImp" */ = {
			isa = XCLocalSwiftPackageReference;
			relativePath = BikePointFeatureImp;
		};
		865AEAE42C8F26EC00D7BAA6 /* XCLocalSwiftPackageReference "LocationServiceImp" */ = {
			isa = XCLocalSwiftPackageReference;
			relativePath = LocationServiceImp;
		};
		86A3B58F2C8EF9FF0063BD7B /* XCLocalSwiftPackageReference "Common" */ = {
			isa = XCLocalSwiftPackageReference;
			relativePath = Common;
		};
		86D672B62C8EF2A000E5C1E7 /* XCLocalSwiftPackageReference "ViewLayerInterface" */ = {
			isa = XCLocalSwiftPackageReference;
			relativePath = ViewLayerInterface;
		};
/* End XCLocalSwiftPackageReference section */

/* Begin XCSwiftPackageProductDependency section */
		865AEADC2C8F180800D7BAA6 /* NetworkImp */ = {
			isa = XCSwiftPackageProductDependency;
			productName = NetworkImp;
		};
		865AEADF2C8F1C2E00D7BAA6 /* BikePointApiImp */ = {
			isa = XCSwiftPackageProductDependency;
			productName = BikePointApiImp;
		};
		865AEAE22C8F1FFD00D7BAA6 /* BikePointFeatureImp */ = {
			isa = XCSwiftPackageProductDependency;
			productName = BikePointFeatureImp;
		};
		865AEAE52C8F26EC00D7BAA6 /* LocationServiceImp */ = {
			isa = XCSwiftPackageProductDependency;
			productName = LocationServiceImp;
		};
		8697268D2C8EFA3C00AAFA53 /* Common */ = {
			isa = XCSwiftPackageProductDependency;
			productName = Common;
		};
		8697268F2C8EFA4800AAFA53 /* SwiftUIViewLayerImp */ = {
			isa = XCSwiftPackageProductDependency;
			productName = SwiftUIViewLayerImp;
		};
		86D672B72C8EF2A000E5C1E7 /* ViewLayerInterface */ = {
			isa = XCSwiftPackageProductDependency;
			productName = ViewLayerInterface;
		};
/* End XCSwiftPackageProductDependency section */
	};
	rootObject = 866CF79E2AA9F5540080D6EC /* Project object */;
}
